
Microsoft Visual Studio Solution File, Format Version 12.00
# Visual Studio Version 17
VisualStudioVersion = 17.0.31903.59
MinimumVisualStudioVersion = 10.0.40219.1
Project("{FAE04EC0-301F-11D3-BF4B-00C04F79EFBC}") = "DocN.Data", "DocN.Data\DocN.Data.csproj", "{D0F1759C-238F-4BFE-BEAA-362AFB5DABF2}"
EndProject
Project("{FAE04EC0-301F-11D3-BF4B-00C04F79EFBC}") = "DocN.Server", "DocN.Server\DocN.Server.csproj", "{8FCF3DE1-E204-4BC3-A3B8-F585311967E1}"
EndProject
Project("{FAE04EC0-301F-11D3-BF4B-00C04F79EFBC}") = "DocN.Client", "DocN.Client\DocN.Client.csproj", "{27D39483-5F48-4BBB-92E6-4B8A37679B3F}"
EndProject
Global
	GlobalSection(SolutionConfigurationPlatforms) = preSolution
		Debug|Any CPU = Debug|Any CPU
		Debug|x64 = Debug|x64
		Debug|x86 = Debug|x86
		Release|Any CPU = Release|Any CPU
		Release|x64 = Release|x64
		Release|x86 = Release|x86
	EndGlobalSection
	GlobalSection(ProjectConfigurationPlatforms) = postSolution
		{D0F1759C-238F-4BFE-BEAA-362AFB5DABF2}.Debug|Any CPU.ActiveCfg = Debug|Any CPU
		{D0F1759C-238F-4BFE-BEAA-362AFB5DABF2}.Debug|Any CPU.Build.0 = Debug|Any CPU
		{D0F1759C-238F-4BFE-BEAA-362AFB5DABF2}.Debug|x64.ActiveCfg = Debug|Any CPU
		{D0F1759C-238F-4BFE-BEAA-362AFB5DABF2}.Debug|x64.Build.0 = Debug|Any CPU
		{D0F1759C-238F-4BFE-BEAA-362AFB5DABF2}.Debug|x86.ActiveCfg = Debug|Any CPU
		{D0F1759C-238F-4BFE-BEAA-362AFB5DABF2}.Debug|x86.Build.0 = Debug|Any CPU
		{D0F1759C-238F-4BFE-BEAA-362AFB5DABF2}.Release|Any CPU.ActiveCfg = Release|Any CPU
		{D0F1759C-238F-4BFE-BEAA-362AFB5DABF2}.Release|Any CPU.Build.0 = Release|Any CPU
		{D0F1759C-238F-4BFE-BEAA-362AFB5DABF2}.Release|x64.ActiveCfg = Release|Any CPU
		{D0F1759C-238F-4BFE-BEAA-362AFB5DABF2}.Release|x64.Build.0 = Release|Any CPU
		{D0F1759C-238F-4BFE-BEAA-362AFB5DABF2}.Release|x86.ActiveCfg = Release|Any CPU
		{D0F1759C-238F-4BFE-BEAA-362AFB5DABF2}.Release|x86.Build.0 = Release|Any CPU
		{8FCF3DE1-E204-4BC3-A3B8-F585311967E1}.Debug|Any CPU.ActiveCfg = Debug|Any CPU
		{8FCF3DE1-E204-4BC3-A3B8-F585311967E1}.Debug|Any CPU.Build.0 = Debug|Any CPU
		{8FCF3DE1-E204-4BC3-A3B8-F585311967E1}.Debug|x64.ActiveCfg = Debug|Any CPU
		{8FCF3DE1-E204-4BC3-A3B8-F585311967E1}.Debug|x64.Build.0 = Debug|Any CPU
		{8FCF3DE1-E204-4BC3-A3B8-F585311967E1}.Debug|x86.ActiveCfg = Debug|Any CPU
		{8FCF3DE1-E204-4BC3-A3B8-F585311967E1}.Debug|x86.Build.0 = Debug|Any CPU
		{8FCF3DE1-E204-4BC3-A3B8-F585311967E1}.Release|Any CPU.ActiveCfg = Release|Any CPU
		{8FCF3DE1-E204-4BC3-A3B8-F585311967E1}.Release|Any CPU.Build.0 = Release|Any CPU
		{8FCF3DE1-E204-4BC3-A3B8-F585311967E1}.Release|x64.ActiveCfg = Release|Any CPU
		{8FCF3DE1-E204-4BC3-A3B8-F585311967E1}.Release|x64.Build.0 = Release|Any CPU
		{8FCF3DE1-E204-4BC3-A3B8-F585311967E1}.Release|x86.ActiveCfg = Release|Any CPU
		{8FCF3DE1-E204-4BC3-A3B8-F585311967E1}.Release|x86.Build.0 = Release|Any CPU
		{27D39483-5F48-4BBB-92E6-4B8A37679B3F}.Debug|Any CPU.ActiveCfg = Debug|Any CPU
		{27D39483-5F48-4BBB-92E6-4B8A37679B3F}.Debug|Any CPU.Build.0 = Debug|Any CPU
		{27D39483-5F48-4BBB-92E6-4B8A37679B3F}.Debug|x64.ActiveCfg = Debug|Any CPU
		{27D39483-5F48-4BBB-92E6-4B8A37679B3F}.Debug|x64.Build.0 = Debug|Any CPU
		{27D39483-5F48-4BBB-92E6-4B8A37679B3F}.Debug|x86.ActiveCfg = Debug|Any CPU
		{27D39483-5F48-4BBB-92E6-4B8A37679B3F}.Debug|x86.Build.0 = Debug|Any CPU
		{27D39483-5F48-4BBB-92E6-4B8A37679B3F}.Release|Any CPU.ActiveCfg = Release|Any CPU
		{27D39483-5F48-4BBB-92E6-4B8A37679B3F}.Release|Any CPU.Build.0 = Release|Any CPU
		{27D39483-5F48-4BBB-92E6-4B8A37679B3F}.Release|x64.ActiveCfg = Release|Any CPU
		{27D39483-5F48-4BBB-92E6-4B8A37679B3F}.Release|x64.Build.0 = Release|Any CPU
		{27D39483-5F48-4BBB-92E6-4B8A37679B3F}.Release|x86.ActiveCfg = Release|Any CPU
		{27D39483-5F48-4BBB-92E6-4B8A37679B3F}.Release|x86.Build.0 = Release|Any CPU
	EndGlobalSection
	GlobalSection(SolutionProperties) = preSolution
		HideSolutionNode = FALSE
	EndGlobalSection
EndGlobal
